
Microsoft Visual Studio Solution File, Format Version 12.00
# Visual Studio 15
VisualStudioVersion = 15.0.28307.1022
MinimumVisualStudioVersion = 10.0.40219.1
Project("{FAE04EC0-301F-11D3-BF4B-00C04F79EFBC}") = "PartyInvitesf2020", "PartyInvitesf2020\PartyInvitesf2020.csproj", "{1F637B18-1767-4416-8DB7-3DE2B66F2D8D}"
EndProject
Global
	GlobalSection(SolutionConfigurationPlatforms) = preSolution
		Debug|Any CPU = Debug|Any CPU
		Release|Any CPU = Release|Any CPU
	EndGlobalSection
	GlobalSection(ProjectConfigurationPlatforms) = postSolution
		{1F637B18-1767-4416-8DB7-3DE2B66F2D8D}.Debug|Any CPU.ActiveCfg = Debug|Any CPU
		{1F637B18-1767-4416-8DB7-3DE2B66F2D8D}.Debug|Any CPU.Build.0 = Debug|Any CPU
		{1F637B18-1767-4416-8DB7-3DE2B66F2D8D}.Release|Any CPU.ActiveCfg = Release|Any CPU
		{1F637B18-1767-4416-8DB7-3DE2B66F2D8D}.Release|Any CPU.Build.0 = Release|Any CPU
	EndGlobalSection
	GlobalSection(SolutionProperties) = preSolution
		HideSolutionNode = FALSE
	EndGlobalSection
	GlobalSection(ExtensibilityGlobals) = postSolution
		SolutionGuid = {5EB63B7C-07A5-4416-8154-BE4C3CC6FD4D}
	EndGlobalSection
EndGlobal
