
Microsoft Visual Studio Solution File, Format Version 12.00
# Visual Studio 15
VisualStudioVersion = 15.0.28010.2036
MinimumVisualStudioVersion = 10.0.40219.1
Project("{FAE04EC0-301F-11D3-BF4B-00C04F79EFBC}") = "Assignment4", "Assignment4\Assignment4.csproj", "{E5232482-A3EC-457C-A451-EC998E77748B}"
EndProject
Global
	GlobalSection(SolutionConfigurationPlatforms) = preSolution
		Debug|Any CPU = Debug|Any CPU
		Release|Any CPU = Release|Any CPU
	EndGlobalSection
	GlobalSection(ProjectConfigurationPlatforms) = postSolution
		{E5232482-A3EC-457C-A451-EC998E77748B}.Debug|Any CPU.ActiveCfg = Debug|Any CPU
		{E5232482-A3EC-457C-A451-EC998E77748B}.Debug|Any CPU.Build.0 = Debug|Any CPU
		{E5232482-A3EC-457C-A451-EC998E77748B}.Release|Any CPU.ActiveCfg = Release|Any CPU
		{E5232482-A3EC-457C-A451-EC998E77748B}.Release|Any CPU.Build.0 = Release|Any CPU
	EndGlobalSection
	GlobalSection(SolutionProperties) = preSolution
		HideSolutionNode = FALSE
	EndGlobalSection
	GlobalSection(ExtensibilityGlobals) = postSolution
		SolutionGuid = {A8D535D3-8D0A-4BAC-A01A-8D6C0D643B7E}
	EndGlobalSection
EndGlobal
